
Microsoft Visual Studio Solution File, Format Version 12.00
# Visual Studio 14
VisualStudioVersion = 14.0.25420.1
MinimumVisualStudioVersion = 10.0.40219.1
Project("{FAE04EC0-301F-11D3-BF4B-00C04F79EFBC}") = "EcommerceA", "EcommerceA\EcommerceA.csproj", "{97E017E4-24B4-49E2-9FA6-CF6DCF2912CF}"
EndProject
Global
	GlobalSection(SolutionConfigurationPlatforms) = preSolution
		Debug|Any CPU = Debug|Any CPU
		Release|Any CPU = Release|Any CPU
	EndGlobalSection
	GlobalSection(ProjectConfigurationPlatforms) = postSolution
		{97E017E4-24B4-49E2-9FA6-CF6DCF2912CF}.Debug|Any CPU.ActiveCfg = Debug|Any CPU
		{97E017E4-24B4-49E2-9FA6-CF6DCF2912CF}.Debug|Any CPU.Build.0 = Debug|Any CPU
		{97E017E4-24B4-49E2-9FA6-CF6DCF2912CF}.Release|Any CPU.ActiveCfg = Release|Any CPU
		{97E017E4-24B4-49E2-9FA6-CF6DCF2912CF}.Release|Any CPU.Build.0 = Release|Any CPU
	EndGlobalSection
	GlobalSection(SolutionProperties) = preSolution
		HideSolutionNode = FALSE
	EndGlobalSection
EndGlobal
